{
  "nodes": {
    "click": {
      "inputs": {
        "nixpkgs": [
          "nixpkgs"
        ],
        "utils": [
          "utils"
        ]
      },
      "locked": {
        "lastModified": 1662676776,
        "narHash": "sha256-l3cokTnNg85CKD02bNsNlMUeOG7/+DtDZ2MEv1rIOUE=",
        "owner": "dump-dvb",
        "repo": "click",
        "rev": "98cb7330a35d5ee9879859f7f6240b01b6f444bf",
        "type": "github"
      },
      "original": {
        "owner": "dump-dvb",
        "repo": "click",
        "type": "github"
      }
    },
    "clicky-bunty-server": {
      "inputs": {
        "naersk": [
          "naersk"
        ],
        "nixpkgs": [
          "nixpkgs"
        ],
        "utils": [
          "utils"
        ]
      },
      "locked": {
        "lastModified": 1662652396,
        "narHash": "sha256-7Q0jj0Nj30dUlNUfhk/4bYg+hUbU+LA3mDaqMd9lq9E=",
        "owner": "dump-dvb",
        "repo": "clicky-bunty-server",
        "rev": "8c102e73b04fda6f3bc94691399d8b1cfcd5530f",
        "type": "github"
      },
      "original": {
        "owner": "dump-dvb",
        "repo": "clicky-bunty-server",
        "type": "github"
      }
    },
    "data-accumulator": {
      "inputs": {
        "naersk": [
          "naersk"
        ],
        "nixpkgs": [
          "nixpkgs"
        ],
        "utils": [
          "utils"
        ]
      },
      "locked": {
        "lastModified": 1662581352,
        "narHash": "sha256-YtUlP1EkuAxHk5hJ9GRX0RA1WI1BuShUCJ7o3Z63sSg=",
        "owner": "dump-dvb",
        "repo": "data-accumulator",
        "rev": "29d139f128907ce9cb5d476ff00a3e1e1de24182",
        "type": "github"
      },
      "original": {
        "owner": "dump-dvb",
        "repo": "data-accumulator",
        "type": "github"
      }
    },
    "decode-server": {
      "inputs": {
        "naersk": [
          "naersk"
        ],
        "nixpkgs": [
          "nixpkgs"
        ],
        "stops": [
          "stops-no-flake"
        ],
        "utils": [
          "utils"
        ]
      },
      "locked": {
        "lastModified": 1662154682,
        "narHash": "sha256-hdWJDAdwe+bjVVUPxWzoXxitK6et9RKz6A//VqoM/Pg=",
        "owner": "dump-dvb",
        "repo": "decode-server",
        "rev": "69457bc9cdcdd2fbd27746d89a971c3740d394cf",
        "type": "github"
      },
      "original": {
        "owner": "dump-dvb",
        "repo": "decode-server",
        "type": "github"
      }
    },
    "dump-dvb-rs": {
      "inputs": {
        "nixpkgs": [
          "nixpkgs"
        ]
      },
      "locked": {
        "lastModified": 1662652805,
        "narHash": "sha256-y1bDLNgodXYSoQPecmFa5okY1sjYjhshYCxmUK8oi3s=",
        "owner": "dump-dvb",
        "repo": "dump-dvb.rs",
        "rev": "ce5c4a2b9f5e81fbc669e73e4923cf43aa3b8ae1",
        "type": "github"
      },
      "original": {
        "owner": "dump-dvb",
        "repo": "dump-dvb.rs",
        "type": "github"
      }
    },
    "dump-dvb-rust": {
      "flake": false,
      "locked": {
        "lastModified": 1660926193,
        "narHash": "sha256-FPFXx3MKWgwSWju7gMgQrWvcTrddTHoB9ccQuI6A3m0=",
        "owner": "dump-dvb",
        "repo": "dump-dvb.rs",
        "rev": "a21ff43262cb69ec6ee221d3dd3fca83b265c964",
        "type": "github"
      },
      "original": {
        "owner": "dump-dvb",
        "repo": "dump-dvb.rs",
        "type": "github"
      }
    },
    "dvb-api": {
      "inputs": {
        "naersk": [
          "naersk"
        ],
        "nixpkgs": [
          "nixpkgs"
        ],
        "utils": [
          "utils"
        ]
      },
      "locked": {
        "lastModified": 1662584694,
        "narHash": "sha256-TmEfq85aMkH9jQb1XRxI+jO33uFeiZKvfU6CnlMTfbA=",
        "owner": "dump-dvb",
        "repo": "dvb-api",
        "rev": "9e0ef48aa884f572d99ac79d0131c33625bd2cc1",
        "type": "github"
      },
      "original": {
        "owner": "dump-dvb",
        "repo": "dvb-api",
        "type": "github"
      }
    },
    "fenix": {
      "inputs": {
        "nixpkgs": [
          "stops",
          "nixpkgs"
        ],
        "rust-analyzer-src": "rust-analyzer-src"
      },
      "locked": {
        "lastModified": 1651732109,
        "narHash": "sha256-W3GuTyMxswHGfaYTQ4Ajev6GxfDef8YyxyYbFgrfwNk=",
        "owner": "nix-community",
        "repo": "fenix",
        "rev": "4b6dda7529e6d1d8d2ce43b7cb18efdefd5c4c3c",
        "type": "github"
      },
      "original": {
        "owner": "nix-community",
        "repo": "fenix",
        "type": "github"
      }
    },
    "funnel": {
      "inputs": {
        "dump-dvb-rust": "dump-dvb-rust",
        "nixpkgs": [
          "nixpkgs"
        ],
        "utils": [
          "utils"
        ]
      },
      "locked": {
        "lastModified": 1661006543,
        "narHash": "sha256-uRVmm3Mhl8oMcHrPd7pC3kMIyqm1T9hCRyp6b+iMUwI=",
        "owner": "dump-dvb",
        "repo": "funnel",
        "rev": "4d5cd1b488789633d80fb0342d253d09fa5f122c",
        "type": "github"
      },
      "original": {
        "owner": "dump-dvb",
        "repo": "funnel",
        "type": "github"
      }
    },
    "naersk": {
      "inputs": {
        "nixpkgs": [
          "nixpkgs"
        ]
      },
      "locked": {
        "lastModified": 1662220400,
        "narHash": "sha256-9o2OGQqu4xyLZP9K6kNe1pTHnyPz0Wr3raGYnr9AIgY=",
        "owner": "nix-community",
        "repo": "naersk",
        "rev": "6944160c19cb591eb85bbf9b2f2768a935623ed3",
        "type": "github"
      },
      "original": {
        "owner": "nix-community",
        "repo": "naersk",
        "type": "github"
      }
    },
    "nixpkgs": {
      "locked": {
        "lastModified": 1662099760,
        "narHash": "sha256-MdZLCTJPeHi/9fg6R9fiunyDwP3XHJqDd51zWWz9px0=",
        "owner": "NixOS",
        "repo": "nixpkgs",
        "rev": "67e45078141102f45eff1589a831aeaa3182b41e",
        "type": "github"
      },
      "original": {
        "owner": "NixOS",
        "ref": "nixos-22.05",
        "repo": "nixpkgs",
        "type": "github"
      }
    },
    "radio-conf": {
      "inputs": {
        "nixpkgs": [
          "nixpkgs"
        ],
        "utils": [
          "utils"
        ]
      },
      "locked": {
        "lastModified": 1662550015,
        "narHash": "sha256-Ffyv3nU+lWvU/QBPHvNXKIlsP432kmW7wf6L0Y19VoQ=",
        "owner": "dump-dvb",
        "repo": "radio-conf",
        "rev": "6b955fb966c8586e64d232ae75a507031cc941b9",
        "type": "github"
      },
      "original": {
        "owner": "dump-dvb",
        "repo": "radio-conf",
        "type": "github"
      }
    },
    "root": {
      "inputs": {
        "click": "click",
        "clicky-bunty-server": "clicky-bunty-server",
        "data-accumulator": "data-accumulator",
        "decode-server": "decode-server",
        "dump-dvb-rs": "dump-dvb-rs",
        "dvb-api": "dvb-api",
        "funnel": "funnel",
        "naersk": "naersk",
        "nixpkgs": "nixpkgs",
        "radio-conf": "radio-conf",
        "stops": "stops",
        "stops-no-flake": "stops-no-flake",
        "tracy": "tracy",
        "utils": "utils_2",
        "wartrammer": "wartrammer",
        "windshield": "windshield"
      }
    },
    "rust-analyzer-src": {
      "flake": false,
      "locked": {
        "lastModified": 1651656737,
        "narHash": "sha256-+nc9Rrc1PBGAx2jXV57Af8WL4nQTTNGX2fp63YD7ynU=",
        "owner": "rust-lang",
        "repo": "rust-analyzer",
        "rev": "1f709d54463972b189a3120be4073c507f2fbc00",
        "type": "github"
      },
      "original": {
        "owner": "rust-lang",
        "ref": "nightly",
        "repo": "rust-analyzer",
        "type": "github"
      }
    },
    "stops": {
      "inputs": {
        "fenix": "fenix",
        "naersk": [
          "naersk"
        ],
        "nixpkgs": [
          "nixpkgs"
        ],
        "utils": [
          "utils"
        ]
      },
      "locked": {
        "lastModified": 1662587866,
        "narHash": "sha256-RGmh+zMli1rSD6uKlB4pm1WVPUupJ9f7foibrO0k1jY=",
        "owner": "dump-dvb",
        "repo": "stop-names",
        "rev": "ae192f2705008587fce8a910583d9bf0cf39cd32",
        "type": "github"
      },
      "original": {
        "owner": "dump-dvb",
        "repo": "stop-names",
        "type": "github"
      }
    },
    "stops-no-flake": {
      "flake": false,
      "locked": {
        "lastModified": 1662587866,
        "narHash": "sha256-RGmh+zMli1rSD6uKlB4pm1WVPUupJ9f7foibrO0k1jY=",
        "owner": "dump-dvb",
        "repo": "stop-names",
        "rev": "ae192f2705008587fce8a910583d9bf0cf39cd32",
        "type": "github"
      },
      "original": {
        "owner": "dump-dvb",
        "repo": "stop-names",
        "type": "github"
      }
    },
    "tracy": {
      "inputs": {
        "naersk": [
          "naersk"
        ],
        "nixpkgs": [
          "nixpkgs"
        ],
        "utils": "utils"
      },
      "locked": {
        "lastModified": 1662642695,
        "narHash": "sha256-CRI2iDWNLDU8xviGNNQYiGlpOxvn2wsjKtKxQM0AxM4=",
        "owner": "dump-dvb",
        "repo": "tracy",
        "rev": "5c66d0b44b0925119c5a053ad02a5cf830cdc269",
        "type": "github"
      },
      "original": {
        "owner": "dump-dvb",
        "repo": "tracy",
        "type": "github"
      }
    },
    "utils": {
      "locked": {
        "lastModified": 1659877975,
        "narHash": "sha256-zllb8aq3YO3h8B/U0/J1WBgAL8EX5yWf5pMj3G0NAmc=",
        "owner": "numtide",
        "repo": "flake-utils",
        "rev": "c0e246b9b83f637f4681389ecabcb2681b4f3af0",
        "type": "github"
      },
      "original": {
        "owner": "numtide",
        "repo": "flake-utils",
        "type": "github"
      }
    },
    "utils_2": {
      "locked": {
        "lastModified": 1659877975,
        "narHash": "sha256-zllb8aq3YO3h8B/U0/J1WBgAL8EX5yWf5pMj3G0NAmc=",
        "owner": "numtide",
        "repo": "flake-utils",
        "rev": "c0e246b9b83f637f4681389ecabcb2681b4f3af0",
        "type": "github"
      },
      "original": {
        "owner": "numtide",
        "repo": "flake-utils",
        "type": "github"
      }
    },
    "wartrammer": {
      "inputs": {
        "naersk": [
          "naersk"
        ],
        "nixpkgs": [
          "nixpkgs"
        ],
        "utils": [
          "utils"
        ]
      },
      "locked": {
        "lastModified": 1662140439,
        "narHash": "sha256-kaZ4FPCgzHUFN/FzNB81B5I7XxewyV0dkDm5wkveSPc=",
        "owner": "dump-dvb",
        "repo": "wartrammer-40k",
        "rev": "c742caadb19c729d35e9f9a45e9d39462559714d",
        "type": "github"
      },
      "original": {
        "owner": "dump-dvb",
        "repo": "wartrammer-40k",
        "type": "github"
      }
    },
    "windshield": {
      "inputs": {
        "nixpkgs": [
          "nixpkgs"
        ],
        "utils": [
          "utils"
        ]
      },
      "locked": {
        "lastModified": 1662736161,
        "narHash": "sha256-piQA7/tmx4Y6UuqpWgiOrreEvaRejdjgWSuqoeHOrBU=",
        "owner": "dump-dvb",
        "repo": "windshield",
        "rev": "bba48f785ba92a383cb01fd7bd7ce9c0906aa8a7",
        "type": "github"
      },
      "original": {
        "owner": "dump-dvb",
        "repo": "windshield",
        "type": "github"
      }
    }
  },
  "root": "root",
  "version": 7
}
